// !$*UTF8*$!
{
	archiveVersion = 1;
	classes = {
	};
	objectVersion = 46;
	objects = {

/* Begin PBXBuildFile section */
		0A4A3F911C80505200235912 /* UIImage+IDOImgPrc.mm in Sources */ = {isa = PBXBuildFile; fileRef = 0A4A3F901C80505200235912 /* UIImage+IDOImgPrc.mm */; };
		0A4E286A1C7F393D00FAC06F /* main.m in Sources */ = {isa = PBXBuildFile; fileRef = 0A4E28691C7F393D00FAC06F /* main.m */; };
		0A4E286D1C7F393D00FAC06F /* AppDelegate.m in Sources */ = {isa = PBXBuildFile; fileRef = 0A4E286C1C7F393D00FAC06F /* AppDelegate.m */; };
		0A4E28701C7F393D00FAC06F /* ViewController.m in Sources */ = {isa = PBXBuildFile; fileRef = 0A4E286F1C7F393D00FAC06F /* ViewController.m */; };
		0A4E28731C7F393D00FAC06F /* Main.storyboard in Resources */ = {isa = PBXBuildFile; fileRef = 0A4E28711C7F393D00FAC06F /* Main.storyboard */; };
		0A4E28781C7F393D00FAC06F /* LaunchScreen.storyboard in Resources */ = {isa = PBXBuildFile; fileRef = 0A4E28761C7F393D00FAC06F /* LaunchScreen.storyboard */; };
		0A4E28831C7F393D00FAC06F /* IdCardOCRTests.m in Sources */ = {isa = PBXBuildFile; fileRef = 0A4E28821C7F393D00FAC06F /* IdCardOCRTests.m */; };
		0A4E288E1C7F393D00FAC06F /* IdCardOCRUITests.m in Sources */ = {isa = PBXBuildFile; fileRef = 0A4E288D1C7F393D00FAC06F /* IdCardOCRUITests.m */; };
		0AD88C3C1C8D2EE700D82666 /* FCImageCaptureViewController.m in Sources */ = {isa = PBXBuildFile; fileRef = 0AD88C3B1C8D2EE700D82666 /* FCImageCaptureViewController.m */; };
		0AD88C441C8D2EED00D82666 /* UIColor+FullContact.m in Sources */ = {isa = PBXBuildFile; fileRef = 0AD88C3F1C8D2EED00D82666 /* UIColor+FullContact.m */; };
		0AD88C451C8D2EED00D82666 /* UIImage+Rotation.m in Sources */ = {isa = PBXBuildFile; fileRef = 0AD88C411C8D2EED00D82666 /* UIImage+Rotation.m */; };
		0AD88C461C8D2EED00D82666 /* UIImage+Sizing.m in Sources */ = {isa = PBXBuildFile; fileRef = 0AD88C431C8D2EED00D82666 /* UIImage+Sizing.m */; };
		0AD88C481C8D30A100D82666 /* Images.xcassets in Resources */ = {isa = PBXBuildFile; fileRef = 0AD88C471C8D30A100D82666 /* Images.xcassets */; };
		0AD88C961C8D3ABC00D82666 /* tessdata in Resources */ = {isa = PBXBuildFile; fileRef = 0AD88C951C8D3ABC00D82666 /* tessdata */; };
		7119FD2847C0F1C954D4B814 /* libPods-IdCardOCR.a in Frameworks */ = {isa = PBXBuildFile; fileRef = 435995BF842D2E5760DF8AAE /* libPods-IdCardOCR.a */; };
/* End PBXBuildFile section */

/* Begin PBXContainerItemProxy section */
		0A4E287F1C7F393D00FAC06F /* PBXContainerItemProxy */ = {
			isa = PBXContainerItemProxy;
			containerPortal = 0A4E285D1C7F393D00FAC06F /* Project object */;
			proxyType = 1;
			remoteGlobalIDString = 0A4E28641C7F393D00FAC06F;
			remoteInfo = IdCardOCR;
		};
		0A4E288A1C7F393D00FAC06F /* PBXContainerItemProxy */ = {
			isa = PBXContainerItemProxy;
			containerPortal = 0A4E285D1C7F393D00FAC06F /* Project object */;
			proxyType = 1;
			remoteGlobalIDString = 0A4E28641C7F393D00FAC06F;
			remoteInfo = IdCardOCR;
		};
/* End PBXContainerItemProxy section */

/* Begin PBXFileReference section */
		0A4A3F8F1C80505200235912 /* UIImage+IDOImgPrc.h */ = {isa = PBXFileReference; fileEncoding = 4; lastKnownFileType = sourcecode.c.h; path = "UIImage+IDOImgPrc.h"; sourceTree = "<group>"; };
		0A4A3F901C80505200235912 /* UIImage+IDOImgPrc.mm */ = {isa = PBXFileReference; fileEncoding = 4; lastKnownFileType = sourcecode.cpp.objcpp; path = "UIImage+IDOImgPrc.mm"; sourceTree = "<group>"; };
		0A4A3F941C80528E00235912 /* ICO-prefix.pch */ = {isa = PBXFileReference; fileEncoding = 4; lastKnownFileType = sourcecode.c.h; path = "ICO-prefix.pch"; sourceTree = "<group>"; };
		0A4E28651C7F393D00FAC06F /* IdCardOCR.app */ = {isa = PBXFileReference; explicitFileType = wrapper.application; includeInIndex = 0; path = IdCardOCR.app; sourceTree = BUILT_PRODUCTS_DIR; };
		0A4E28691C7F393D00FAC06F /* main.m */ = {isa = PBXFileReference; lastKnownFileType = sourcecode.c.objc; path = main.m; sourceTree = "<group>"; };
		0A4E286B1C7F393D00FAC06F /* AppDelegate.h */ = {isa = PBXFileReference; lastKnownFileType = sourcecode.c.h; path = AppDelegate.h; sourceTree = "<group>"; };
		0A4E286C1C7F393D00FAC06F /* AppDelegate.m */ = {isa = PBXFileReference; lastKnownFileType = sourcecode.c.objc; path = AppDelegate.m; sourceTree = "<group>"; };
		0A4E286E1C7F393D00FAC06F /* ViewController.h */ = {isa = PBXFileReference; lastKnownFileType = sourcecode.c.h; path = ViewController.h; sourceTree = "<group>"; };
		0A4E286F1C7F393D00FAC06F /* ViewController.m */ = {isa = PBXFileReference; lastKnownFileType = sourcecode.c.objc; path = ViewController.m; sourceTree = "<group>"; };
		0A4E28721C7F393D00FAC06F /* Base */ = {isa = PBXFileReference; lastKnownFileType = file.storyboard; name = Base; path = Base.lproj/Main.storyboard; sourceTree = "<group>"; };
		0A4E28771C7F393D00FAC06F /* Base */ = {isa = PBXFileReference; lastKnownFileType = file.storyboard; name = Base; path = Base.lproj/LaunchScreen.storyboard; sourceTree = "<group>"; };
		0A4E28791C7F393D00FAC06F /* Info.plist */ = {isa = PBXFileReference; lastKnownFileType = text.plist.xml; path = Info.plist; sourceTree = "<group>"; };
		0A4E287E1C7F393D00FAC06F /* IdCardOCRTests.xctest */ = {isa = PBXFileReference; explicitFileType = wrapper.cfbundle; includeInIndex = 0; path = IdCardOCRTests.xctest; sourceTree = BUILT_PRODUCTS_DIR; };
		0A4E28821C7F393D00FAC06F /* IdCardOCRTests.m */ = {isa = PBXFileReference; lastKnownFileType = sourcecode.c.objc; path = IdCardOCRTests.m; sourceTree = "<group>"; };
		0A4E28841C7F393D00FAC06F /* Info.plist */ = {isa = PBXFileReference; lastKnownFileType = text.plist.xml; path = Info.plist; sourceTree = "<group>"; };
		0A4E28891C7F393D00FAC06F /* IdCardOCRUITests.xctest */ = {isa = PBXFileReference; explicitFileType = wrapper.cfbundle; includeInIndex = 0; path = IdCardOCRUITests.xctest; sourceTree = BUILT_PRODUCTS_DIR; };
		0A4E288D1C7F393D00FAC06F /* IdCardOCRUITests.m */ = {isa = PBXFileReference; lastKnownFileType = sourcecode.c.objc; path = IdCardOCRUITests.m; sourceTree = "<group>"; };
		0A4E288F1C7F393D00FAC06F /* Info.plist */ = {isa = PBXFileReference; lastKnownFileType = text.plist.xml; path = Info.plist; sourceTree = "<group>"; };
		0AD88C3A1C8D2EE700D82666 /* FCImageCaptureViewController.h */ = {isa = PBXFileReference; fileEncoding = 4; lastKnownFileType = sourcecode.c.h; path = FCImageCaptureViewController.h; sourceTree = "<group>"; };
		0AD88C3B1C8D2EE700D82666 /* FCImageCaptureViewController.m */ = {isa = PBXFileReference; fileEncoding = 4; lastKnownFileType = sourcecode.c.objc; path = FCImageCaptureViewController.m; sourceTree = "<group>"; };
		0AD88C3E1C8D2EED00D82666 /* UIColor+FullContact.h */ = {isa = PBXFileReference; fileEncoding = 4; lastKnownFileType = sourcecode.c.h; path = "UIColor+FullContact.h"; sourceTree = "<group>"; };
		0AD88C3F1C8D2EED00D82666 /* UIColor+FullContact.m */ = {isa = PBXFileReference; fileEncoding = 4; lastKnownFileType = sourcecode.c.objc; path = "UIColor+FullContact.m"; sourceTree = "<group>"; };
		0AD88C401C8D2EED00D82666 /* UIImage+Rotation.h */ = {isa = PBXFileReference; fileEncoding = 4; lastKnownFileType = sourcecode.c.h; path = "UIImage+Rotation.h"; sourceTree = "<group>"; };
		0AD88C411C8D2EED00D82666 /* UIImage+Rotation.m */ = {isa = PBXFileReference; fileEncoding = 4; lastKnownFileType = sourcecode.c.objc; path = "UIImage+Rotation.m"; sourceTree = "<group>"; };
		0AD88C421C8D2EED00D82666 /* UIImage+Sizing.h */ = {isa = PBXFileReference; fileEncoding = 4; lastKnownFileType = sourcecode.c.h; path = "UIImage+Sizing.h"; sourceTree = "<group>"; };
		0AD88C431C8D2EED00D82666 /* UIImage+Sizing.m */ = {isa = PBXFileReference; fileEncoding = 4; lastKnownFileType = sourcecode.c.objc; path = "UIImage+Sizing.m"; sourceTree = "<group>"; };
		0AD88C471C8D30A100D82666 /* Images.xcassets */ = {isa = PBXFileReference; lastKnownFileType = folder.assetcatalog; path = Images.xcassets; sourceTree = "<group>"; };
		0AD88C951C8D3ABC00D82666 /* tessdata */ = {isa = PBXFileReference; lastKnownFileType = folder; path = tessdata; sourceTree = "<group>"; };
		2B2C32746E1EE86114475B92 /* Pods-IdCardOCR.debug.xcconfig */ = {isa = PBXFileReference; includeInIndex = 1; lastKnownFileType = text.xcconfig; name = "Pods-IdCardOCR.debug.xcconfig"; path = "Pods/Target Support Files/Pods-IdCardOCR/Pods-IdCardOCR.debug.xcconfig"; sourceTree = "<group>"; };
		435995BF842D2E5760DF8AAE /* libPods-IdCardOCR.a */ = {isa = PBXFileReference; explicitFileType = archive.ar; includeInIndex = 0; path = "libPods-IdCardOCR.a"; sourceTree = BUILT_PRODUCTS_DIR; };
		ABD863DC8976F0421BEF45A5 /* Pods-IdCardOCR.release.xcconfig */ = {isa = PBXFileReference; includeInIndex = 1; lastKnownFileType = text.xcconfig; name = "Pods-IdCardOCR.release.xcconfig"; path = "Pods/Target Support Files/Pods-IdCardOCR/Pods-IdCardOCR.release.xcconfig"; sourceTree = "<group>"; };
/* End PBXFileReference section */

/* Begin PBXFrameworksBuildPhase section */
		0A4E28621C7F393D00FAC06F /* Frameworks */ = {
			isa = PBXFrameworksBuildPhase;
			buildActionMask = 2147483647;
			files = (
				7119FD2847C0F1C954D4B814 /* libPods-IdCardOCR.a in Frameworks */,
			);
			runOnlyForDeploymentPostprocessing = 0;
		};
		0A4E287B1C7F393D00FAC06F /* Frameworks */ = {
			isa = PBXFrameworksBuildPhase;
			buildActionMask = 2147483647;
			files = (
			);
			runOnlyForDeploymentPostprocessing = 0;
		};
		0A4E28861C7F393D00FAC06F /* Frameworks */ = {
			isa = PBXFrameworksBuildPhase;
			buildActionMask = 2147483647;
			files = (
			);
			runOnlyForDeploymentPostprocessing = 0;
		};
/* End PBXFrameworksBuildPhase section */

/* Begin PBXGroup section */
		0A4E285C1C7F393D00FAC06F = {
			isa = PBXGroup;
			children = (
				241B5715F6D8FA20F7E314F5 /* Frameworks */,
				0A4E28671C7F393D00FAC06F /* IdCardOCR */,
				0A4E28811C7F393D00FAC06F /* IdCardOCRTests */,
				0A4E288C1C7F393D00FAC06F /* IdCardOCRUITests */,
				D99CAAF29403B14DF3193ED8 /* Pods */,
				0A4E28661C7F393D00FAC06F /* Products */,
			);
			sourceTree = "<group>";
		};
		0A4E28661C7F393D00FAC06F /* Products */ = {
			isa = PBXGroup;
			children = (
				0A4E28651C7F393D00FAC06F /* IdCardOCR.app */,
				0A4E287E1C7F393D00FAC06F /* IdCardOCRTests.xctest */,
				0A4E28891C7F393D00FAC06F /* IdCardOCRUITests.xctest */,
			);
			name = Products;
			sourceTree = "<group>";
		};
		0A4E28671C7F393D00FAC06F /* IdCardOCR */ = {
			isa = PBXGroup;
			children = (
				0AD88C951C8D3ABC00D82666 /* tessdata */,
				0AD88C471C8D30A100D82666 /* Images.xcassets */,
				0AD88C3D1C8D2EED00D82666 /* Categories */,
				0AD88C3A1C8D2EE700D82666 /* FCImageCaptureViewController.h */,
				0AD88C3B1C8D2EE700D82666 /* FCImageCaptureViewController.m */,
				0A4E28681C7F393D00FAC06F /* Supporting Files */,
				0A4E286B1C7F393D00FAC06F /* AppDelegate.h */,
				0A4E286C1C7F393D00FAC06F /* AppDelegate.m */,
				0A4E28791C7F393D00FAC06F /* Info.plist */,
				0A4E28761C7F393D00FAC06F /* LaunchScreen.storyboard */,
				0A4E28711C7F393D00FAC06F /* Main.storyboard */,
				0A4A3F8F1C80505200235912 /* UIImage+IDOImgPrc.h */,
				0A4A3F901C80505200235912 /* UIImage+IDOImgPrc.mm */,
				0A4E286E1C7F393D00FAC06F /* ViewController.h */,
				0A4E286F1C7F393D00FAC06F /* ViewController.m */,
			);
			path = IdCardOCR;
			sourceTree = "<group>";
		};
		0A4E28681C7F393D00FAC06F /* Supporting Files */ = {
			isa = PBXGroup;
			children = (
				0A4A3F941C80528E00235912 /* ICO-prefix.pch */,
				0A4E28691C7F393D00FAC06F /* main.m */,
			);
			path = "Supporting Files";
			sourceTree = "<group>";
		};
		0A4E28811C7F393D00FAC06F /* IdCardOCRTests */ = {
			isa = PBXGroup;
			children = (
				0A4E28821C7F393D00FAC06F /* IdCardOCRTests.m */,
				0A4E28841C7F393D00FAC06F /* Info.plist */,
			);
			path = IdCardOCRTests;
			sourceTree = "<group>";
		};
		0A4E288C1C7F393D00FAC06F /* IdCardOCRUITests */ = {
			isa = PBXGroup;
			children = (
				0A4E288D1C7F393D00FAC06F /* IdCardOCRUITests.m */,
				0A4E288F1C7F393D00FAC06F /* Info.plist */,
			);
			path = IdCardOCRUITests;
			sourceTree = "<group>";
		};
		0AD88C3D1C8D2EED00D82666 /* Categories */ = {
			isa = PBXGroup;
			children = (
				0AD88C3E1C8D2EED00D82666 /* UIColor+FullContact.h */,
				0AD88C3F1C8D2EED00D82666 /* UIColor+FullContact.m */,
				0AD88C401C8D2EED00D82666 /* UIImage+Rotation.h */,
				0AD88C411C8D2EED00D82666 /* UIImage+Rotation.m */,
				0AD88C421C8D2EED00D82666 /* UIImage+Sizing.h */,
				0AD88C431C8D2EED00D82666 /* UIImage+Sizing.m */,
			);
			path = Categories;
			sourceTree = "<group>";
		};
		241B5715F6D8FA20F7E314F5 /* Frameworks */ = {
			isa = PBXGroup;
			children = (
				435995BF842D2E5760DF8AAE /* libPods-IdCardOCR.a */,
			);
			name = Frameworks;
			sourceTree = "<group>";
		};
		D99CAAF29403B14DF3193ED8 /* Pods */ = {
			isa = PBXGroup;
			children = (
				2B2C32746E1EE86114475B92 /* Pods-IdCardOCR.debug.xcconfig */,
				ABD863DC8976F0421BEF45A5 /* Pods-IdCardOCR.release.xcconfig */,
			);
			name = Pods;
			sourceTree = "<group>";
		};
/* End PBXGroup section */

/* Begin PBXNativeTarget section */
		0A4E28641C7F393D00FAC06F /* IdCardOCR */ = {
			isa = PBXNativeTarget;
			buildConfigurationList = 0A4E28921C7F393D00FAC06F /* Build configuration list for PBXNativeTarget "IdCardOCR" */;
			buildPhases = (
				348AAABE0BD64425EE4BD230 /* Check Pods Manifest.lock */,
				0A4E28611C7F393D00FAC06F /* Sources */,
				0A4E28621C7F393D00FAC06F /* Frameworks */,
				0A4E28631C7F393D00FAC06F /* Resources */,
				C4D3DF17437FEE1C5FF9F62D /* Embed Pods Frameworks */,
				4E2786418D19B97A8813CB5B /* Copy Pods Resources */,
			);
			buildRules = (
			);
			dependencies = (
			);
			name = IdCardOCR;
			productName = IdCardOCR;
			productReference = 0A4E28651C7F393D00FAC06F /* IdCardOCR.app */;
			productType = "com.apple.product-type.application";
		};
		0A4E287D1C7F393D00FAC06F /* IdCardOCRTests */ = {
			isa = PBXNativeTarget;
			buildConfigurationList = 0A4E28951C7F393D00FAC06F /* Build configuration list for PBXNativeTarget "IdCardOCRTests" */;
			buildPhases = (
				0A4E287A1C7F393D00FAC06F /* Sources */,
				0A4E287B1C7F393D00FAC06F /* Frameworks */,
				0A4E287C1C7F393D00FAC06F /* Resources */,
			);
			buildRules = (
			);
			dependencies = (
				0A4E28801C7F393D00FAC06F /* PBXTargetDependency */,
			);
			name = IdCardOCRTests;
			productName = IdCardOCRTests;
			productReference = 0A4E287E1C7F393D00FAC06F /* IdCardOCRTests.xctest */;
			productType = "com.apple.product-type.bundle.unit-test";
		};
		0A4E28881C7F393D00FAC06F /* IdCardOCRUITests */ = {
			isa = PBXNativeTarget;
			buildConfigurationList = 0A4E28981C7F393D00FAC06F /* Build configuration list for PBXNativeTarget "IdCardOCRUITests" */;
			buildPhases = (
				0A4E28851C7F393D00FAC06F /* Sources */,
				0A4E28861C7F393D00FAC06F /* Frameworks */,
				0A4E28871C7F393D00FAC06F /* Resources */,
			);
			buildRules = (
			);
			dependencies = (
				0A4E288B1C7F393D00FAC06F /* PBXTargetDependency */,
			);
			name = IdCardOCRUITests;
			productName = IdCardOCRUITests;
			productReference = 0A4E28891C7F393D00FAC06F /* IdCardOCRUITests.xctest */;
			productType = "com.apple.product-type.bundle.ui-testing";
		};
/* End PBXNativeTarget section */

/* Begin PBXProject section */
		0A4E285D1C7F393D00FAC06F /* Project object */ = {
			isa = PBXProject;
			attributes = {
				LastUpgradeCheck = 0720;
				ORGANIZATIONNAME = ivoryxiong;
				TargetAttributes = {
					0A4E28641C7F393D00FAC06F = {
						CreatedOnToolsVersion = 7.2.1;
					};
					0A4E287D1C7F393D00FAC06F = {
						CreatedOnToolsVersion = 7.2.1;
						TestTargetID = 0A4E28641C7F393D00FAC06F;
					};
					0A4E28881C7F393D00FAC06F = {
						CreatedOnToolsVersion = 7.2.1;
						TestTargetID = 0A4E28641C7F393D00FAC06F;
					};
				};
			};
			buildConfigurationList = 0A4E28601C7F393D00FAC06F /* Build configuration list for PBXProject "IdCardOCR" */;
			compatibilityVersion = "Xcode 3.2";
			developmentRegion = English;
			hasScannedForEncodings = 0;
			knownRegions = (
				en,
				Base,
			);
			mainGroup = 0A4E285C1C7F393D00FAC06F;
			productRefGroup = 0A4E28661C7F393D00FAC06F /* Products */;
			projectDirPath = "";
			projectRoot = "";
			targets = (
				0A4E28641C7F393D00FAC06F /* IdCardOCR */,
				0A4E287D1C7F393D00FAC06F /* IdCardOCRTests */,
				0A4E28881C7F393D00FAC06F /* IdCardOCRUITests */,
			);
		};
/* End PBXProject section */

/* Begin PBXResourcesBuildPhase section */
		0A4E28631C7F393D00FAC06F /* Resources */ = {
			isa = PBXResourcesBuildPhase;
			buildActionMask = 2147483647;
			files = (
				0A4E28781C7F393D00FAC06F /* LaunchScreen.storyboard in Resources */,
				0AD88C961C8D3ABC00D82666 /* tessdata in Resources */,
				0AD88C481C8D30A100D82666 /* Images.xcassets in Resources */,
				0A4E28731C7F393D00FAC06F /* Main.storyboard in Resources */,
			);
			runOnlyForDeploymentPostprocessing = 0;
		};
		0A4E287C1C7F393D00FAC06F /* Resources */ = {
			isa = PBXResourcesBuildPhase;
			buildActionMask = 2147483647;
			files = (
			);
			runOnlyForDeploymentPostprocessing = 0;
		};
		0A4E28871C7F393D00FAC06F /* Resources */ = {
			isa = PBXResourcesBuildPhase;
			buildActionMask = 2147483647;
			files = (
			);
			runOnlyForDeploymentPostprocessing = 0;
		};
/* End PBXResourcesBuildPhase section */

/* Begin PBXShellScriptBuildPhase section */
		348AAABE0BD64425EE4BD230 /* Check Pods Manifest.lock */ = {
			isa = PBXShellScriptBuildPhase;
			buildActionMask = 2147483647;
			files = (
			);
			inputPaths = (
			);
			name = "Check Pods Manifest.lock";
			outputPaths = (
			);
			runOnlyForDeploymentPostprocessing = 0;
			shellPath = /bin/sh;
			shellScript = "diff \"${PODS_ROOT}/../Podfile.lock\" \"${PODS_ROOT}/Manifest.lock\" > /dev/null\nif [[ $? != 0 ]] ; then\n    cat << EOM\nerror: The sandbox is not in sync with the Podfile.lock. Run 'pod install' or update your CocoaPods installation.\nEOM\n    exit 1\nfi\n";
			showEnvVarsInLog = 0;
		};
		4E2786418D19B97A8813CB5B /* Copy Pods Resources */ = {
			isa = PBXShellScriptBuildPhase;
			buildActionMask = 2147483647;
			files = (
			);
			inputPaths = (
			);
			name = "Copy Pods Resources";
			outputPaths = (
			);
			runOnlyForDeploymentPostprocessing = 0;
			shellPath = /bin/sh;
			shellScript = "\"${SRCROOT}/Pods/Target Support Files/Pods-IdCardOCR/Pods-IdCardOCR-resources.sh\"\n";
			showEnvVarsInLog = 0;
		};
		C4D3DF17437FEE1C5FF9F62D /* Embed Pods Frameworks */ = {
			isa = PBXShellScriptBuildPhase;
			buildActionMask = 2147483647;
			files = (
			);
			inputPaths = (
			);
			name = "Embed Pods Frameworks";
			outputPaths = (
			);
			runOnlyForDeploymentPostprocessing = 0;
			shellPath = /bin/sh;
			shellScript = "\"${SRCROOT}/Pods/Target Support Files/Pods-IdCardOCR/Pods-IdCardOCR-frameworks.sh\"\n";
			showEnvVarsInLog = 0;
		};
/* End PBXShellScriptBuildPhase section */

/* Begin PBXSourcesBuildPhase section */
		0A4E28611C7F393D00FAC06F /* Sources */ = {
			isa = PBXSourcesBuildPhase;
			buildActionMask = 2147483647;
			files = (
				0AD88C451C8D2EED00D82666 /* UIImage+Rotation.m in Sources */,
				0A4A3F911C80505200235912 /* UIImage+IDOImgPrc.mm in Sources */,
				0AD88C3C1C8D2EE700D82666 /* FCImageCaptureViewController.m in Sources */,
				0AD88C461C8D2EED00D82666 /* UIImage+Sizing.m in Sources */,
				0A4E28701C7F393D00FAC06F /* ViewController.m in Sources */,
				0AD88C441C8D2EED00D82666 /* UIColor+FullContact.m in Sources */,
				0A4E286D1C7F393D00FAC06F /* AppDelegate.m in Sources */,
				0A4E286A1C7F393D00FAC06F /* main.m in Sources */,
			);
			runOnlyForDeploymentPostprocessing = 0;
		};
		0A4E287A1C7F393D00FAC06F /* Sources */ = {
			isa = PBXSourcesBuildPhase;
			buildActionMask = 2147483647;
			files = (
				0A4E28831C7F393D00FAC06F /* IdCardOCRTests.m in Sources */,
			);
			runOnlyForDeploymentPostprocessing = 0;
		};
		0A4E28851C7F393D00FAC06F /* Sources */ = {
			isa = PBXSourcesBuildPhase;
			buildActionMask = 2147483647;
			files = (
				0A4E288E1C7F393D00FAC06F /* IdCardOCRUITests.m in Sources */,
			);
			runOnlyForDeploymentPostprocessing = 0;
		};
/* End PBXSourcesBuildPhase section */

/* Begin PBXTargetDependency section */
		0A4E28801C7F393D00FAC06F /* PBXTargetDependency */ = {
			isa = PBXTargetDependency;
			target = 0A4E28641C7F393D00FAC06F /* IdCardOCR */;
			targetProxy = 0A4E287F1C7F393D00FAC06F /* PBXContainerItemProxy */;
		};
		0A4E288B1C7F393D00FAC06F /* PBXTargetDependency */ = {
			isa = PBXTargetDependency;
			target = 0A4E28641C7F393D00FAC06F /* IdCardOCR */;
			targetProxy = 0A4E288A1C7F393D00FAC06F /* PBXContainerItemProxy */;
		};
/* End PBXTargetDependency section */

/* Begin PBXVariantGroup section */
		0A4E28711C7F393D00FAC06F /* Main.storyboard */ = {
			isa = PBXVariantGroup;
			children = (
				0A4E28721C7F393D00FAC06F /* Base */,
			);
			name = Main.storyboard;
			path = .;
			sourceTree = "<group>";
		};
		0A4E28761C7F393D00FAC06F /* LaunchScreen.storyboard */ = {
			isa = PBXVariantGroup;
			children = (
				0A4E28771C7F393D00FAC06F /* Base */,
			);
			name = LaunchScreen.storyboard;
			path = .;
			sourceTree = "<group>";
		};
/* End PBXVariantGroup section */

/* Begin XCBuildConfiguration section */
		0A4E28901C7F393D00FAC06F /* Debug */ = {
			isa = XCBuildConfiguration;
			buildSettings = {
				ALWAYS_SEARCH_USER_PATHS = NO;
				CLANG_CXX_LANGUAGE_STANDARD = "gnu++0x";
				CLANG_CXX_LIBRARY = "libc++";
				CLANG_ENABLE_MODULES = YES;
				CLANG_ENABLE_OBJC_ARC = YES;
				CLANG_WARN_BOOL_CONVERSION = YES;
				CLANG_WARN_CONSTANT_CONVERSION = YES;
				CLANG_WARN_DIRECT_OBJC_ISA_USAGE = YES_ERROR;
				CLANG_WARN_EMPTY_BODY = YES;
				CLANG_WARN_ENUM_CONVERSION = YES;
				CLANG_WARN_INT_CONVERSION = YES;
				CLANG_WARN_OBJC_ROOT_CLASS = YES_ERROR;
				CLANG_WARN_UNREACHABLE_CODE = YES;
				CLANG_WARN__DUPLICATE_METHOD_MATCH = YES;
				"CODE_SIGN_IDENTITY[sdk=iphoneos*]" = "iPhone Developer";
				COPY_PHASE_STRIP = NO;
				DEBUG_INFORMATION_FORMAT = dwarf;
				ENABLE_BITCODE = NO;
				ENABLE_STRICT_OBJC_MSGSEND = YES;
				ENABLE_TESTABILITY = YES;
				GCC_C_LANGUAGE_STANDARD = gnu99;
				GCC_DYNAMIC_NO_PIC = NO;
				GCC_NO_COMMON_BLOCKS = YES;
				GCC_OPTIMIZATION_LEVEL = 0;
				GCC_PREPROCESSOR_DEFINITIONS = (
					"DEBUG=1",
					"$(inherited)",
				);
				GCC_WARN_64_TO_32_BIT_CONVERSION = YES;
				GCC_WARN_ABOUT_RETURN_TYPE = YES_ERROR;
				GCC_WARN_UNDECLARED_SELECTOR = YES;
				GCC_WARN_UNINITIALIZED_AUTOS = YES_AGGRESSIVE;
				GCC_WARN_UNUSED_FUNCTION = YES;
				GCC_WARN_UNUSED_VARIABLE = YES;
				IPHONEOS_DEPLOYMENT_TARGET = 8.0;
				MTL_ENABLE_DEBUG_INFO = YES;
				ONLY_ACTIVE_ARCH = YES;
				SDKROOT = iphoneos;
			};
			name = Debug;
		};
		0A4E28911C7F393D00FAC06F /* Release */ = {
			isa = XCBuildConfiguration;
			buildSettings = {
				ALWAYS_SEARCH_USER_PATHS = NO;
				CLANG_CXX_LANGUAGE_STANDARD = "gnu++0x";
				CLANG_CXX_LIBRARY = "libc++";
				CLANG_ENABLE_MODULES = YES;
				CLANG_ENABLE_OBJC_ARC = YES;
				CLANG_WARN_BOOL_CONVERSION = YES;
				CLANG_WARN_CONSTANT_CONVERSION = YES;
				CLANG_WARN_DIRECT_OBJC_ISA_USAGE = YES_ERROR;
				CLANG_WARN_EMPTY_BODY = YES;
				CLANG_WARN_ENUM_CONVERSION = YES;
				CLANG_WARN_INT_CONVERSION = YES;
				CLANG_WARN_OBJC_ROOT_CLASS = YES_ERROR;
				CLANG_WARN_UNREACHABLE_CODE = YES;
				CLANG_WARN__DUPLICATE_METHOD_MATCH = YES;
				"CODE_SIGN_IDENTITY[sdk=iphoneos*]" = "iPhone Developer";
				COPY_PHASE_STRIP = NO;
				DEBUG_INFORMATION_FORMAT = "dwarf-with-dsym";
				ENABLE_BITCODE = NO;
				ENABLE_NS_ASSERTIONS = NO;
				ENABLE_STRICT_OBJC_MSGSEND = YES;
				GCC_C_LANGUAGE_STANDARD = gnu99;
				GCC_NO_COMMON_BLOCKS = YES;
				GCC_WARN_64_TO_32_BIT_CONVERSION = YES;
				GCC_WARN_ABOUT_RETURN_TYPE = YES_ERROR;
				GCC_WARN_UNDECLARED_SELECTOR = YES;
				GCC_WARN_UNINITIALIZED_AUTOS = YES_AGGRESSIVE;
				GCC_WARN_UNUSED_FUNCTION = YES;
				GCC_WARN_UNUSED_VARIABLE = YES;
				IPHONEOS_DEPLOYMENT_TARGET = 8.0;
				MTL_ENABLE_DEBUG_INFO = NO;
				SDKROOT = iphoneos;
				VALIDATE_PRODUCT = YES;
			};
			name = Release;
		};
		0A4E28931C7F393D00FAC06F /* Debug */ = {
			isa = XCBuildConfiguration;
			baseConfigurationReference = 2B2C32746E1EE86114475B92 /* Pods-IdCardOCR.debug.xcconfig */;
			buildSettings = {
				ASSETCATALOG_COMPILER_APPICON_NAME = AppIcon;
				GCC_PRECOMPILE_PREFIX_HEADER = YES;
				GCC_PREFIX_HEADER = "IdCardOCR/Supporting Files/ICO-Prefix.pch";
				INFOPLIST_FILE = IdCardOCR/Info.plist;
				LD_RUNPATH_SEARCH_PATHS = "$(inherited) @executable_path/Frameworks";
				PRODUCT_BUNDLE_IDENTIFIER = org.ivy.IdCardOCR;
				PRODUCT_NAME = "$(TARGET_NAME)";
			};
			name = Debug;
		};
		0A4E28941C7F393D00FAC06F /* Release */ = {
			isa = XCBuildConfiguration;
			baseConfigurationReference = ABD863DC8976F0421BEF45A5 /* Pods-IdCardOCR.release.xcconfig */;
			buildSettings = {
				ASSETCATALOG_COMPILER_APPICON_NAME = AppIcon;
				GCC_PRECOMPILE_PREFIX_HEADER = YES;
				GCC_PREFIX_HEADER = "IdCardOCR/Supporting Files/ICO-Prefix.pch";
				INFOPLIST_FILE = IdCardOCR/Info.plist;
				LD_RUNPATH_SEARCH_PATHS = "$(inherited) @executable_path/Frameworks";
				PRODUCT_BUNDLE_IDENTIFIER = org.ivy.IdCardOCR;
				PRODUCT_NAME = "$(TARGET_NAME)";
			};
			name = Release;
		};
		0A4E28961C7F393D00FAC06F /* Debug */ = {
			isa = XCBuildConfiguration;
			buildSettings = {
				BUNDLE_LOADER = "$(TEST_HOST)";
				INFOPLIST_FILE = IdCardOCRTests/Info.plist;
				LD_RUNPATH_SEARCH_PATHS = "$(inherited) @executable_path/Frameworks @loader_path/Frameworks";
				PRODUCT_BUNDLE_IDENTIFIER = org.ivy.IdCardOCRTests;
				PRODUCT_NAME = "$(TARGET_NAME)";
				TEST_HOST = "$(BUILT_PRODUCTS_DIR)/IdCardOCR.app/IdCardOCR";
			};
			name = Debug;
		};
		0A4E28971C7F393D00FAC06F /* Release */ = {
			isa = XCBuildConfiguration;
			buildSettings = {
				BUNDLE_LOADER = "$(TEST_HOST)";
				INFOPLIST_FILE = IdCardOCRTests/Info.plist;
				LD_RUNPATH_SEARCH_PATHS = "$(inherited) @executable_path/Frameworks @loader_path/Frameworks";
				PRODUCT_BUNDLE_IDENTIFIER = org.ivy.IdCardOCRTests;
				PRODUCT_NAME = "$(TARGET_NAME)";
				TEST_HOST = "$(BUILT_PRODUCTS_DIR)/IdCardOCR.app/IdCardOCR";
			};
			name = Release;
		};
		0A4E28991C7F393D00FAC06F /* Debug */ = {
			isa = XCBuildConfiguration;
			buildSettings = {
				INFOPLIST_FILE = IdCardOCRUITests/Info.plist;
				LD_RUNPATH_SEARCH_PATHS = "$(inherited) @executable_path/Frameworks @loader_path/Frameworks";
				PRODUCT_BUNDLE_IDENTIFIER = org.ivy.IdCardOCRUITests;
				PRODUCT_NAME = "$(TARGET_NAME)";
				TEST_TARGET_NAME = IdCardOCR;
				USES_XCTRUNNER = YES;
			};
			name = Debug;
		};
		0A4E289A1C7F393D00FAC06F /* Release */ = {
			isa = XCBuildConfiguration;
			buildSettings = {
				INFOPLIST_FILE = IdCardOCRUITests/Info.plist;
				LD_RUNPATH_SEARCH_PATHS = "$(inherited) @executable_path/Frameworks @loader_path/Frameworks";
				PRODUCT_BUNDLE_IDENTIFIER = org.ivy.IdCardOCRUITests;
				PRODUCT_NAME = "$(TARGET_NAME)";
				TEST_TARGET_NAME = IdCardOCR;
				USES_XCTRUNNER = YES;
			};
			name = Release;
		};
/* End XCBuildConfiguration section */

/* Begin XCConfigurationList section */
		0A4E28601C7F393D00FAC06F /* Build configuration list for PBXProject "IdCardOCR" */ = {
			isa = XCConfigurationList;
			buildConfigurations = (
				0A4E28901C7F393D00FAC06F /* Debug */,
				0A4E28911C7F393D00FAC06F /* Release */,
			);
			defaultConfigurationIsVisible = 0;
			defaultConfigurationName = Release;
		};
		0A4E28921C7F393D00FAC06F /* Build configuration list for PBXNativeTarget "IdCardOCR" */ = {
			isa = XCConfigurationList;
			buildConfigurations = (
				0A4E28931C7F393D00FAC06F /* Debug */,
				0A4E28941C7F393D00FAC06F /* Release */,
			);
			defaultConfigurationIsVisible = 0;
			defaultConfigurationName = Release;
		};
		0A4E28951C7F393D00FAC06F /* Build configuration list for PBXNativeTarget "IdCardOCRTests" */ = {
			isa = XCConfigurationList;
			buildConfigurations = (
				0A4E28961C7F393D00FAC06F /* Debug */,
				0A4E28971C7F393D00FAC06F /* Release */,
			);
			defaultConfigurationIsVisible = 0;
			defaultConfigurationName = Release;
		};
		0A4E28981C7F393D00FAC06F /* Build configuration list for PBXNativeTarget "IdCardOCRUITests" */ = {
			isa = XCConfigurationList;
			buildConfigurations = (
				0A4E28991C7F393D00FAC06F /* Debug */,
				0A4E289A1C7F393D00FAC06F /* Release */,
			);
			defaultConfigurationIsVisible = 0;
			defaultConfigurationName = Release;
		};
/* End XCConfigurationList section */
	};
	rootObject = 0A4E285D1C7F393D00FAC06F /* Project object */;
}
